// !$*UTF8*$!
{
	archiveVersion = 1;
	classes = {
	};
	objectVersion = 46;
	objects = {

/* Begin PBXBuildFile section */
		233E10541A0B9B4B0037F38B /* main.m in Sources */ = {isa = PBXBuildFile; fileRef = 233E10531A0B9B4B0037F38B /* main.m */; };
		233E10571A0B9B4B0037F38B /* AppDelegate.m in Sources */ = {isa = PBXBuildFile; fileRef = 233E10561A0B9B4B0037F38B /* AppDelegate.m */; };
		233E105A1A0B9B4B0037F38B /* MasterViewController.m in Sources */ = {isa = PBXBuildFile; fileRef = 233E10591A0B9B4B0037F38B /* MasterViewController.m */; };
		233E105D1A0B9B4B0037F38B /* DetailViewController.m in Sources */ = {isa = PBXBuildFile; fileRef = 233E105C1A0B9B4B0037F38B /* DetailViewController.m */; };
		233E10601A0B9B4B0037F38B /* Main.storyboard in Resources */ = {isa = PBXBuildFile; fileRef = 233E105E1A0B9B4B0037F38B /* Main.storyboard */; };
		233E10621A0B9B4B0037F38B /* Images.xcassets in Resources */ = {isa = PBXBuildFile; fileRef = 233E10611A0B9B4B0037F38B /* Images.xcassets */; };
		233E10651A0B9B4B0037F38B /* LaunchScreen.xib in Resources */ = {isa = PBXBuildFile; fileRef = 233E10631A0B9B4B0037F38B /* LaunchScreen.xib */; };
		233E10711A0B9B4B0037F38B /* TestAppTests.m in Sources */ = {isa = PBXBuildFile; fileRef = 233E10701A0B9B4B0037F38B /* TestAppTests.m */; };
/* End PBXBuildFile section */

/* Begin PBXContainerItemProxy section */
		233E106B1A0B9B4B0037F38B /* PBXContainerItemProxy */ = {
			isa = PBXContainerItemProxy;
			containerPortal = 233E10461A0B9B4B0037F38B /* Project object */;
			proxyType = 1;
			remoteGlobalIDString = 233E104D1A0B9B4B0037F38B;
			remoteInfo = TestApp;
		};
/* End PBXContainerItemProxy section */

/* Begin PBXFileReference section */
		233E104E1A0B9B4B0037F38B /* TestApp.app */ = {isa = PBXFileReference; explicitFileType = wrapper.application; includeInIndex = 0; path = TestApp.app; sourceTree = BUILT_PRODUCTS_DIR; };
		233E10521A0B9B4B0037F38B /* Info.plist */ = {isa = PBXFileReference; lastKnownFileType = text.plist.xml; path = Info.plist; sourceTree = "<group>"; };
		233E10531A0B9B4B0037F38B /* main.m */ = {isa = PBXFileReference; lastKnownFileType = sourcecode.c.objc; path = main.m; sourceTree = "<group>"; };
		233E10551A0B9B4B0037F38B /* AppDelegate.h */ = {isa = PBXFileReference; lastKnownFileType = sourcecode.c.h; path = AppDelegate.h; sourceTree = "<group>"; };
		233E10561A0B9B4B0037F38B /* AppDelegate.m */ = {isa = PBXFileReference; lastKnownFileType = sourcecode.c.objc; path = AppDelegate.m; sourceTree = "<group>"; };
		233E10581A0B9B4B0037F38B /* MasterViewController.h */ = {isa = PBXFileReference; lastKnownFileType = sourcecode.c.h; path = MasterViewController.h; sourceTree = "<group>"; };
		233E10591A0B9B4B0037F38B /* MasterViewController.m */ = {isa = PBXFileReference; lastKnownFileType = sourcecode.c.objc; path = MasterViewController.m; sourceTree = "<group>"; };
		233E105B1A0B9B4B0037F38B /* DetailViewController.h */ = {isa = PBXFileReference; lastKnownFileType = sourcecode.c.h; path = DetailViewController.h; sourceTree = "<group>"; };
		233E105C1A0B9B4B0037F38B /* DetailViewController.m */ = {isa = PBXFileReference; lastKnownFileType = sourcecode.c.objc; path = DetailViewController.m; sourceTree = "<group>"; };
		233E105F1A0B9B4B0037F38B /* Base */ = {isa = PBXFileReference; lastKnownFileType = file.storyboard; name = Base; path = Base.lproj/Main.storyboard; sourceTree = "<group>"; };
		233E10611A0B9B4B0037F38B /* Images.xcassets */ = {isa = PBXFileReference; lastKnownFileType = folder.assetcatalog; path = Images.xcassets; sourceTree = "<group>"; };
		233E10641A0B9B4B0037F38B /* Base */ = {isa = PBXFileReference; lastKnownFileType = file.xib; name = Base; path = Base.lproj/LaunchScreen.xib; sourceTree = "<group>"; };
		233E106A1A0B9B4B0037F38B /* TestAppTests.xctest */ = {isa = PBXFileReference; explicitFileType = wrapper.cfbundle; includeInIndex = 0; path = TestAppTests.xctest; sourceTree = BUILT_PRODUCTS_DIR; };
		233E106F1A0B9B4B0037F38B /* Info.plist */ = {isa = PBXFileReference; lastKnownFileType = text.plist.xml; path = Info.plist; sourceTree = "<group>"; };
		233E10701A0B9B4B0037F38B /* TestAppTests.m */ = {isa = PBXFileReference; lastKnownFileType = sourcecode.c.objc; path = TestAppTests.m; sourceTree = "<group>"; };
/* End PBXFileReference section */

/* Begin PBXFrameworksBuildPhase section */
		233E104B1A0B9B4B0037F38B /* Frameworks */ = {
			isa = PBXFrameworksBuildPhase;
			buildActionMask = 2147483647;
			files = (
			);
			runOnlyForDeploymentPostprocessing = 0;
		};
		233E10671A0B9B4B0037F38B /* Frameworks */ = {
			isa = PBXFrameworksBuildPhase;
			buildActionMask = 2147483647;
			files = (
			);
			runOnlyForDeploymentPostprocessing = 0;
		};
/* End PBXFrameworksBuildPhase section */

/* Begin PBXGroup section */
		233E10451A0B9B4B0037F38B = {
			isa = PBXGroup;
			children = (
				233E10501A0B9B4B0037F38B /* TestApp */,
				233E106D1A0B9B4B0037F38B /* TestAppTests */,
				233E104F1A0B9B4B0037F38B /* Products */,
			);
			sourceTree = "<group>";
		};
		233E104F1A0B9B4B0037F38B /* Products */ = {
			isa = PBXGroup;
			children = (
				233E104E1A0B9B4B0037F38B /* TestApp.app */,
				233E106A1A0B9B4B0037F38B /* TestAppTests.xctest */,
			);
			name = Products;
			sourceTree = "<group>";
		};
		233E10501A0B9B4B0037F38B /* TestApp */ = {
			isa = PBXGroup;
			children = (
				233E10551A0B9B4B0037F38B /* AppDelegate.h */,
				233E10561A0B9B4B0037F38B /* AppDelegate.m */,
				233E10581A0B9B4B0037F38B /* MasterViewController.h */,
				233E10591A0B9B4B0037F38B /* MasterViewController.m */,
				233E105B1A0B9B4B0037F38B /* DetailViewController.h */,
				233E105C1A0B9B4B0037F38B /* DetailViewController.m */,
				233E105E1A0B9B4B0037F38B /* Main.storyboard */,
				233E10611A0B9B4B0037F38B /* Images.xcassets */,
				233E10631A0B9B4B0037F38B /* LaunchScreen.xib */,
				233E10511A0B9B4B0037F38B /* Supporting Files */,
			);
			path = TestApp;
			sourceTree = "<group>";
		};
		233E10511A0B9B4B0037F38B /* Supporting Files */ = {
			isa = PBXGroup;
			children = (
				233E10521A0B9B4B0037F38B /* Info.plist */,
				233E10531A0B9B4B0037F38B /* main.m */,
			);
			name = "Supporting Files";
			sourceTree = "<group>";
		};
		233E106D1A0B9B4B0037F38B /* TestAppTests */ = {
			isa = PBXGroup;
			children = (
				233E10701A0B9B4B0037F38B /* TestAppTests.m */,
				233E106E1A0B9B4B0037F38B /* Supporting Files */,
			);
			path = TestAppTests;
			sourceTree = "<group>";
		};
		233E106E1A0B9B4B0037F38B /* Supporting Files */ = {
			isa = PBXGroup;
			children = (
				233E106F1A0B9B4B0037F38B /* Info.plist */,
			);
			name = "Supporting Files";
			sourceTree = "<group>";
		};
/* End PBXGroup section */

/* Begin PBXNativeTarget section */
		233E104D1A0B9B4B0037F38B /* TestApp */ = {
			isa = PBXNativeTarget;
			buildConfigurationList = 233E10741A0B9B4B0037F38B /* Build configuration list for PBXNativeTarget "TestApp" */;
			buildPhases = (
				233E104A1A0B9B4B0037F38B /* Sources */,
				233E104B1A0B9B4B0037F38B /* Frameworks */,
				233E104C1A0B9B4B0037F38B /* Resources */,
			);
			buildRules = (
			);
			dependencies = (
			);
			name = TestApp;
			productName = TestApp;
			productReference = 233E104E1A0B9B4B0037F38B /* TestApp.app */;
			productType = "com.apple.product-type.application";
		};
		233E10691A0B9B4B0037F38B /* TestAppTests */ = {
			isa = PBXNativeTarget;
			buildConfigurationList = 233E10771A0B9B4B0037F38B /* Build configuration list for PBXNativeTarget "TestAppTests" */;
			buildPhases = (
				233E10661A0B9B4B0037F38B /* Sources */,
				233E10671A0B9B4B0037F38B /* Frameworks */,
				233E10681A0B9B4B0037F38B /* Resources */,
			);
			buildRules = (
			);
			dependencies = (
				233E106C1A0B9B4B0037F38B /* PBXTargetDependency */,
			);
			name = TestAppTests;
			productName = TestAppTests;
			productReference = 233E106A1A0B9B4B0037F38B /* TestAppTests.xctest */;
			productType = "com.apple.product-type.bundle.unit-test";
		};
/* End PBXNativeTarget section */

/* Begin PBXProject section */
		233E10461A0B9B4B0037F38B /* Project object */ = {
			isa = PBXProject;
			attributes = {
				LastUpgradeCheck = 0610;
				ORGANIZATIONNAME = Jake;
				TargetAttributes = {
					233E104D1A0B9B4B0037F38B = {
						CreatedOnToolsVersion = 6.1;
						DevelopmentTeam = 3492RXQWHC;
					};
					233E10691A0B9B4B0037F38B = {
						CreatedOnToolsVersion = 6.1;
						TestTargetID = 233E104D1A0B9B4B0037F38B;
					};
				};
			};
			buildConfigurationList = 233E10491A0B9B4B0037F38B /* Build configuration list for PBXProject "TestApp" */;
			compatibilityVersion = "Xcode 3.2";
			developmentRegion = English;
			hasScannedForEncodings = 0;
			knownRegions = (
				en,
				Base,
			);
			mainGroup = 233E10451A0B9B4B0037F38B;
			productRefGroup = 233E104F1A0B9B4B0037F38B /* Products */;
			projectDirPath = "";
			projectRoot = "";
			targets = (
				233E104D1A0B9B4B0037F38B /* TestApp */,
				233E10691A0B9B4B0037F38B /* TestAppTests */,
			);
		};
/* End PBXProject section */

/* Begin PBXResourcesBuildPhase section */
		233E104C1A0B9B4B0037F38B /* Resources */ = {
			isa = PBXResourcesBuildPhase;
			buildActionMask = 2147483647;
			files = (
				233E10601A0B9B4B0037F38B /* Main.storyboard in Resources */,
				233E10651A0B9B4B0037F38B /* LaunchScreen.xib in Resources */,
				233E10621A0B9B4B0037F38B /* Images.xcassets in Resources */,
			);
			runOnlyForDeploymentPostprocessing = 0;
		};
		233E10681A0B9B4B0037F38B /* Resources */ = {
			isa = PBXResourcesBuildPhase;
			buildActionMask = 2147483647;
			files = (
			);
			runOnlyForDeploymentPostprocessing = 0;
		};
/* End PBXResourcesBuildPhase section */

/* Begin PBXSourcesBuildPhase section */
		233E104A1A0B9B4B0037F38B /* Sources */ = {
			isa = PBXSourcesBuildPhase;
			buildActionMask = 2147483647;
			files = (
				233E10571A0B9B4B0037F38B /* AppDelegate.m in Sources */,
				233E105A1A0B9B4B0037F38B /* MasterViewController.m in Sources */,
				233E10541A0B9B4B0037F38B /* main.m in Sources */,
				233E105D1A0B9B4B0037F38B /* DetailViewController.m in Sources */,
			);
			runOnlyForDeploymentPostprocessing = 0;
		};
		233E10661A0B9B4B0037F38B /* Sources */ = {
			isa = PBXSourcesBuildPhase;
			buildActionMask = 2147483647;
			files = (
				233E10711A0B9B4B0037F38B /* TestAppTests.m in Sources */,
			);
			runOnlyForDeploymentPostprocessing = 0;
		};
/* End PBXSourcesBuildPhase section */

/* Begin PBXTargetDependency section */
		233E106C1A0B9B4B0037F38B /* PBXTargetDependency */ = {
			isa = PBXTargetDependency;
			target = 233E104D1A0B9B4B0037F38B /* TestApp */;
			targetProxy = 233E106B1A0B9B4B0037F38B /* PBXContainerItemProxy */;
		};
/* End PBXTargetDependency section */

/* Begin PBXVariantGroup section */
		233E105E1A0B9B4B0037F38B /* Main.storyboard */ = {
			isa = PBXVariantGroup;
			children = (
				233E105F1A0B9B4B0037F38B /* Base */,
			);
			name = Main.storyboard;
			sourceTree = "<group>";
		};
		233E10631A0B9B4B0037F38B /* LaunchScreen.xib */ = {
			isa = PBXVariantGroup;
			children = (
				233E10641A0B9B4B0037F38B /* Base */,
			);
			name = LaunchScreen.xib;
			sourceTree = "<group>";
		};
/* End PBXVariantGroup section */

/* Begin XCBuildConfiguration section */
		233E10721A0B9B4B0037F38B /* Debug */ = {
			isa = XCBuildConfiguration;
			buildSettings = {
				ALWAYS_SEARCH_USER_PATHS = NO;
				CLANG_CXX_LANGUAGE_STANDARD = "gnu++0x";
				CLANG_CXX_LIBRARY = "libc++";
				CLANG_ENABLE_MODULES = YES;
				CLANG_ENABLE_OBJC_ARC = YES;
				CLANG_WARN_BOOL_CONVERSION = YES;
				CLANG_WARN_CONSTANT_CONVERSION = YES;
				CLANG_WARN_DIRECT_OBJC_ISA_USAGE = YES_ERROR;
				CLANG_WARN_EMPTY_BODY = YES;
				CLANG_WARN_ENUM_CONVERSION = YES;
				CLANG_WARN_INT_CONVERSION = YES;
				CLANG_WARN_OBJC_ROOT_CLASS = YES_ERROR;
				CLANG_WARN_UNREACHABLE_CODE = YES;
				CLANG_WARN__DUPLICATE_METHOD_MATCH = YES;
				"CODE_SIGN_IDENTITY[sdk=iphoneos*]" = "iPhone Developer";
				COPY_PHASE_STRIP = NO;
				ENABLE_STRICT_OBJC_MSGSEND = YES;
				GCC_C_LANGUAGE_STANDARD = gnu99;
				GCC_DYNAMIC_NO_PIC = NO;
				GCC_OPTIMIZATION_LEVEL = 0;
				GCC_PREPROCESSOR_DEFINITIONS = (
					"DEBUG=1",
					"$(inherited)",
				);
				GCC_SYMBOLS_PRIVATE_EXTERN = NO;
				GCC_WARN_64_TO_32_BIT_CONVERSION = YES;
				GCC_WARN_ABOUT_RETURN_TYPE = YES_ERROR;
				GCC_WARN_UNDECLARED_SELECTOR = YES;
				GCC_WARN_UNINITIALIZED_AUTOS = YES_AGGRESSIVE;
				GCC_WARN_UNUSED_FUNCTION = YES;
				GCC_WARN_UNUSED_VARIABLE = YES;
				IPHONEOS_DEPLOYMENT_TARGET = 8.1;
				MTL_ENABLE_DEBUG_INFO = YES;
				ONLY_ACTIVE_ARCH = YES;
				SDKROOT = iphoneos;
				TARGETED_DEVICE_FAMILY = "1,2";
			};
			name = Debug;
		};
		233E10731A0B9B4B0037F38B /* Release */ = {
			isa = XCBuildConfiguration;
			buildSettings = {
				ALWAYS_SEARCH_USER_PATHS = NO;
				CLANG_CXX_LANGUAGE_STANDARD = "gnu++0x";
				CLANG_CXX_LIBRARY = "libc++";
				CLANG_ENABLE_MODULES = YES;
				CLANG_ENABLE_OBJC_ARC = YES;
				CLANG_WARN_BOOL_CONVERSION = YES;
				CLANG_WARN_CONSTANT_CONVERSION = YES;
				CLANG_WARN_DIRECT_OBJC_ISA_USAGE = YES_ERROR;
				CLANG_WARN_EMPTY_BODY = YES;
				CLANG_WARN_ENUM_CONVERSION = YES;
				CLANG_WARN_INT_CONVERSION = YES;
				CLANG_WARN_OBJC_ROOT_CLASS = YES_ERROR;
				CLANG_WARN_UNREACHABLE_CODE = YES;
				CLANG_WARN__DUPLICATE_METHOD_MATCH = YES;
				"CODE_SIGN_IDENTITY[sdk=iphoneos*]" = "iPhone Developer";
				COPY_PHASE_STRIP = YES;
				ENABLE_NS_ASSERTIONS = NO;
				ENABLE_STRICT_OBJC_MSGSEND = YES;
				GCC_C_LANGUAGE_STANDARD = gnu99;
				GCC_WARN_64_TO_32_BIT_CONVERSION = YES;
				GCC_WARN_ABOUT_RETURN_TYPE = YES_ERROR;
				GCC_WARN_UNDECLARED_SELECTOR = YES;
				GCC_WARN_UNINITIALIZED_AUTOS = YES_AGGRESSIVE;
				GCC_WARN_UNUSED_FUNCTION = YES;
				GCC_WARN_UNUSED_VARIABLE = YES;
				IPHONEOS_DEPLOYMENT_TARGET = 8.1;
				MTL_ENABLE_DEBUG_INFO = NO;
				SDKROOT = iphoneos;
				TARGETED_DEVICE_FAMILY = "1,2";
				VALIDATE_PRODUCT = YES;
			};
			name = Release;
		};
		233E10751A0B9B4B0037F38B /* Debug */ = {
			isa = XCBuildConfiguration;
			buildSettings = {
				ASSETCATALOG_COMPILER_APPICON_NAME = AppIcon;
				CODE_SIGN_IDENTITY = "iPhone Developer";
				INFOPLIST_FILE = TestApp/Info.plist;
				LD_RUNPATH_SEARCH_PATHS = "$(inherited) @executable_path/Frameworks";
				PRODUCT_NAME = "$(TARGET_NAME)";
			};
			name = Debug;
		};
		233E10761A0B9B4B0037F38B /* Release */ = {
			isa = XCBuildConfiguration;
			buildSettings = {
				ASSETCATALOG_COMPILER_APPICON_NAME = AppIcon;
				CODE_SIGN_IDENTITY = "iPhone Developer";
				INFOPLIST_FILE = TestApp/Info.plist;
				LD_RUNPATH_SEARCH_PATHS = "$(inherited) @executable_path/Frameworks";
				PRODUCT_NAME = "$(TARGET_NAME)";
			};
			name = Release;
		};
		233E10781A0B9B4B0037F38B /* Debug */ = {
			isa = XCBuildConfiguration;
			buildSettings = {
				BUNDLE_LOADER = "$(TEST_HOST)";
				FRAMEWORK_SEARCH_PATHS = (
					"$(SDKROOT)/Developer/Library/Frameworks",
					"$(inherited)",
				);
				GCC_PREPROCESSOR_DEFINITIONS = (
					"DEBUG=1",
					"$(inherited)",
				);
				INFOPLIST_FILE = TestAppTests/Info.plist;
				LD_RUNPATH_SEARCH_PATHS = "$(inherited) @executable_path/Frameworks @loader_path/Frameworks";
				PRODUCT_NAME = "$(TARGET_NAME)";
				TEST_HOST = "$(BUILT_PRODUCTS_DIR)/TestApp.app/TestApp";
			};
			name = Debug;
		};
		233E10791A0B9B4B0037F38B /* Release */ = {
			isa = XCBuildConfiguration;
			buildSettings = {
				BUNDLE_LOADER = "$(TEST_HOST)";
				FRAMEWORK_SEARCH_PATHS = (
					"$(SDKROOT)/Developer/Library/Frameworks",
					"$(inherited)",
				);
				INFOPLIST_FILE = TestAppTests/Info.plist;
				LD_RUNPATH_SEARCH_PATHS = "$(inherited) @executable_path/Frameworks @loader_path/Frameworks";
				PRODUCT_NAME = "$(TARGET_NAME)";
				TEST_HOST = "$(BUILT_PRODUCTS_DIR)/TestApp.app/TestApp";
			};
			name = Release;
		};
/* End XCBuildConfiguration section */

/* Begin XCConfigurationList section */
		233E10491A0B9B4B0037F38B /* Build configuration list for PBXProject "TestApp" */ = {
			isa = XCConfigurationList;
			buildConfigurations = (
				233E10721A0B9B4B0037F38B /* Debug */,
				233E10731A0B9B4B0037F38B /* Release */,
			);
			defaultConfigurationIsVisible = 0;
			defaultConfigurationName = Release;
		};
		233E10741A0B9B4B0037F38B /* Build configuration list for PBXNativeTarget "TestApp" */ = {
			isa = XCConfigurationList;
			buildConfigurations = (
				233E10751A0B9B4B0037F38B /* Debug */,
				233E10761A0B9B4B0037F38B /* Release */,
			);
			defaultConfigurationIsVisible = 0;
		};
		233E10771A0B9B4B0037F38B /* Build configuration list for PBXNativeTarget "TestAppTests" */ = {
			isa = XCConfigurationList;
			buildConfigurations = (
				233E10781A0B9B4B0037F38B /* Debug */,
				233E10791A0B9B4B0037F38B /* Release */,
			);
			defaultConfigurationIsVisible = 0;
		};
/* End XCConfigurationList section */
	};
	rootObject = 233E10461A0B9B4B0037F38B /* Project object */;
}
